
Microsoft Visual Studio Solution File, Format Version 12.00
# Visual Studio 15
VisualStudioVersion = 15.0.28307.489
MinimumVisualStudioVersion = 10.0.40219.1
Project("{FAE04EC0-301F-11D3-BF4B-00C04F79EFBC}") = "HelloWorld", "HelloWorld\HelloWorld.csproj", "{146DC026-2B07-4B50-B828-5CD4C71B4FC1}"
EndProject
Global
	GlobalSection(SolutionConfigurationPlatforms) = preSolution
		Debug|Any CPU = Debug|Any CPU
		Release|Any CPU = Release|Any CPU
	EndGlobalSection
	GlobalSection(ProjectConfigurationPlatforms) = postSolution
		{146DC026-2B07-4B50-B828-5CD4C71B4FC1}.Debug|Any CPU.ActiveCfg = Debug|Any CPU
		{146DC026-2B07-4B50-B828-5CD4C71B4FC1}.Debug|Any CPU.Build.0 = Debug|Any CPU
		{146DC026-2B07-4B50-B828-5CD4C71B4FC1}.Release|Any CPU.ActiveCfg = Release|Any CPU
		{146DC026-2B07-4B50-B828-5CD4C71B4FC1}.Release|Any CPU.Build.0 = Release|Any CPU
	EndGlobalSection
	GlobalSection(SolutionProperties) = preSolution
		HideSolutionNode = FALSE
	EndGlobalSection
	GlobalSection(ExtensibilityGlobals) = postSolution
		SolutionGuid = {0BB62146-B92A-4A63-A504-25EC44E1584E}
	EndGlobalSection
EndGlobal
